Microsoft Visual Studio Solution File, Format Version 12.00
# Visual Studio Version 17
VisualStudioVersion = 17.0.31903.59
MinimumVisualStudioVersion = 10.0.40219.1
Project("{2150E333-8FDC-42A3-9474-1A3956D46DE8}") = "exercises", "exercises", "{CEE5AB10-A762-4EB0-9225-969E36D43BE9}"
EndProject
Project("{2150E333-8FDC-42A3-9474-1A3956D46DE8}") = "durable-execution", "durable-execution", "{A4175AB2-36BE-43E6-BCF1-F7B79F7B2733}"
EndProject
Project("{2150E333-8FDC-42A3-9474-1A3956D46DE8}") = "solution", "solution", "{859B44EB-A2AA-4254-B2E3-D85CAC071828}"
EndProject
Project("{FAE04EC0-301F-11D3-BF4B-00C04F79EFBC}") = "TemporalDurableExecution.Client", "exercises\durable-execution\solution\Client\TemporalDurableExecution.Client.csproj", "{5214CD21-E819-4DD5-8DB7-DE19558F0ACB}"
EndProject
Project("{FAE04EC0-301F-11D3-BF4B-00C04F79EFBC}") = "TemporalDurableExecution.Web", "exercises\durable-execution\solution\Web\TemporalDurableExecution.Web.csproj", "{9B419F2B-2BF1-4E71-8915-42C127E307BF}"
EndProject
Project("{FAE04EC0-301F-11D3-BF4B-00C04F79EFBC}") = "TemporalDurableExecution.Worker", "exercises\durable-execution\solution\Worker\TemporalDurableExecution.Worker.csproj", "{25FB4670-07E1-45B3-ABF5-4C02D3918F5A}"
EndProject
Project("{FAE04EC0-301F-11D3-BF4B-00C04F79EFBC}") = "TemporalDurableExecution.Workflow", "exercises\durable-execution\solution\Workflow\TemporalDurableExecution.Workflow.csproj", "{A0E0B3A8-4933-4500-B388-0E40C8DF3F5D}"
EndProject
Project("{2150E333-8FDC-42A3-9474-1A3956D46DE8}") = "samples", "samples", "{B2C7BEBA-D0FC-4777-83AC-138BF1E6A1DF}"
EndProject
Project("{2150E333-8FDC-42A3-9474-1A3956D46DE8}") = "using-records", "using-records", "{D07FA48D-6A49-4C73-BBD0-9F58A714DA51}"
EndProject
Project("{FAE04EC0-301F-11D3-BF4B-00C04F79EFBC}") = "TemporalUsingRecords.Client", "samples\using-records\Client\TemporalUsingRecords.Client.csproj", "{1005059B-2890-4E0C-9154-AADDF86B209E}"
EndProject
Project("{FAE04EC0-301F-11D3-BF4B-00C04F79EFBC}") = "TemporalUsingRecords.Web", "samples\using-records\Web\TemporalUsingRecords.Web.csproj", "{E05EE47C-7AE9-42E4-A4AE-76FE2BA63843}"
EndProject
Project("{FAE04EC0-301F-11D3-BF4B-00C04F79EFBC}") = "TemporalUsingRecords.Worker", "samples\using-records\Worker\TemporalUsingRecords.Worker.csproj", "{355AAA73-5FA6-42FE-85DB-31B451DCFBA9}"
EndProject
Project("{FAE04EC0-301F-11D3-BF4B-00C04F79EFBC}") = "TemporalUsingRecords.Workflow", "samples\using-records\Workflow\TemporalUsingRecords.Workflow.csproj", "{7CC946A3-69CA-464B-9D2B-67A4326EE55A}"
EndProject
Project("{2150E333-8FDC-42A3-9474-1A3956D46DE8}") = "debug-activity", "debug-activity", "{CF645312-15CE-4F35-B29C-A70892ACA871}"
EndProject
Project("{2150E333-8FDC-42A3-9474-1A3956D46DE8}") = "solution", "solution", "{481E3871-FC4D-4656-86BF-F9DC2506FC1F}"
EndProject
Project("{FAE04EC0-301F-11D3-BF4B-00C04F79EFBC}") = "TemporalDebugActivity.Client", "exercises\debug-activity\solution\Client\TemporalDebugActivity.Client.csproj", "{3BA5D668-9913-46F0-A5E3-BBC7627E1B67}"
EndProject
Project("{FAE04EC0-301F-11D3-BF4B-00C04F79EFBC}") = "TemporalDebugActivity.Tests", "exercises\debug-activity\solution\Tests\TemporalDebugActivity.Tests.csproj", "{EF84A16B-0BE5-4EAD-898C-D665AAA6BF4E}"
EndProject
Project("{FAE04EC0-301F-11D3-BF4B-00C04F79EFBC}") = "TemporalDebugActivity.Worker", "exercises\debug-activity\solution\Worker\TemporalDebugActivity.Worker.csproj", "{EA889DF9-4008-40FF-A6B8-5ACBE4670254}"
EndProject
Project("{FAE04EC0-301F-11D3-BF4B-00C04F79EFBC}") = "TemporalDebugActivity.Workflow", "exercises\debug-activity\solution\Workflow\TemporalDebugActivity.Workflow.csproj", "{D9487914-37A4-4716-8C42-E9966147FE0C}"
EndProject
Project("{2150E333-8FDC-42A3-9474-1A3956D46DE8}") = "testing-code", "testing-code", "{CF68540E-5D74-49EA-90E1-A8A9CDDF5283}"
EndProject
Project("{2150E333-8FDC-42A3-9474-1A3956D46DE8}") = "solution", "solution", "{0E7F4BEE-3A93-476B-AB67-610FE79EBB28}"
EndProject
Project("{FAE04EC0-301F-11D3-BF4B-00C04F79EFBC}") = "Tests", "exercises\testing-code\solution\Tests\Tests.csproj", "{E932E5B8-5379-4245-8085-7125064DAD9D}"
EndProject
Global
	GlobalSection(SolutionConfigurationPlatforms) = preSolution
		Debug|Any CPU = Debug|Any CPU
		Release|Any CPU = Release|Any CPU
	EndGlobalSection
	GlobalSection(ProjectConfigurationPlatforms) = postSolution
		{5214CD21-E819-4DD5-8DB7-DE19558F0ACB}.Debug|Any CPU.ActiveCfg = Debug|Any CPU
		{5214CD21-E819-4DD5-8DB7-DE19558F0ACB}.Debug|Any CPU.Build.0 = Debug|Any CPU
		{5214CD21-E819-4DD5-8DB7-DE19558F0ACB}.Release|Any CPU.ActiveCfg = Release|Any CPU
		{5214CD21-E819-4DD5-8DB7-DE19558F0ACB}.Release|Any CPU.Build.0 = Release|Any CPU
		{9B419F2B-2BF1-4E71-8915-42C127E307BF}.Debug|Any CPU.ActiveCfg = Debug|Any CPU
		{9B419F2B-2BF1-4E71-8915-42C127E307BF}.Debug|Any CPU.Build.0 = Debug|Any CPU
		{9B419F2B-2BF1-4E71-8915-42C127E307BF}.Release|Any CPU.ActiveCfg = Release|Any CPU
		{9B419F2B-2BF1-4E71-8915-42C127E307BF}.Release|Any CPU.Build.0 = Release|Any CPU
		{25FB4670-07E1-45B3-ABF5-4C02D3918F5A}.Debug|Any CPU.ActiveCfg = Debug|Any CPU
		{25FB4670-07E1-45B3-ABF5-4C02D3918F5A}.Debug|Any CPU.Build.0 = Debug|Any CPU
		{25FB4670-07E1-45B3-ABF5-4C02D3918F5A}.Release|Any CPU.ActiveCfg = Release|Any CPU
		{25FB4670-07E1-45B3-ABF5-4C02D3918F5A}.Release|Any CPU.Build.0 = Release|Any CPU
		{A0E0B3A8-4933-4500-B388-0E40C8DF3F5D}.Debug|Any CPU.ActiveCfg = Debug|Any CPU
		{A0E0B3A8-4933-4500-B388-0E40C8DF3F5D}.Debug|Any CPU.Build.0 = Debug|Any CPU
		{A0E0B3A8-4933-4500-B388-0E40C8DF3F5D}.Release|Any CPU.ActiveCfg = Release|Any CPU
		{A0E0B3A8-4933-4500-B388-0E40C8DF3F5D}.Release|Any CPU.Build.0 = Release|Any CPU
		{1005059B-2890-4E0C-9154-AADDF86B209E}.Debug|Any CPU.ActiveCfg = Debug|Any CPU
		{1005059B-2890-4E0C-9154-AADDF86B209E}.Debug|Any CPU.Build.0 = Debug|Any CPU
		{1005059B-2890-4E0C-9154-AADDF86B209E}.Release|Any CPU.ActiveCfg = Release|Any CPU
		{1005059B-2890-4E0C-9154-AADDF86B209E}.Release|Any CPU.Build.0 = Release|Any CPU
		{E05EE47C-7AE9-42E4-A4AE-76FE2BA63843}.Debug|Any CPU.ActiveCfg = Debug|Any CPU
		{E05EE47C-7AE9-42E4-A4AE-76FE2BA63843}.Debug|Any CPU.Build.0 = Debug|Any CPU
		{E05EE47C-7AE9-42E4-A4AE-76FE2BA63843}.Release|Any CPU.ActiveCfg = Release|Any CPU
		{E05EE47C-7AE9-42E4-A4AE-76FE2BA63843}.Release|Any CPU.Build.0 = Release|Any CPU
		{355AAA73-5FA6-42FE-85DB-31B451DCFBA9}.Debug|Any CPU.ActiveCfg = Debug|Any CPU
		{355AAA73-5FA6-42FE-85DB-31B451DCFBA9}.Debug|Any CPU.Build.0 = Debug|Any CPU
		{355AAA73-5FA6-42FE-85DB-31B451DCFBA9}.Release|Any CPU.ActiveCfg = Release|Any CPU
		{355AAA73-5FA6-42FE-85DB-31B451DCFBA9}.Release|Any CPU.Build.0 = Release|Any CPU
		{7CC946A3-69CA-464B-9D2B-67A4326EE55A}.Debug|Any CPU.ActiveCfg = Debug|Any CPU
		{7CC946A3-69CA-464B-9D2B-67A4326EE55A}.Debug|Any CPU.Build.0 = Debug|Any CPU
		{7CC946A3-69CA-464B-9D2B-67A4326EE55A}.Release|Any CPU.ActiveCfg = Release|Any CPU
		{7CC946A3-69CA-464B-9D2B-67A4326EE55A}.Release|Any CPU.Build.0 = Release|Any CPU
		{3BA5D668-9913-46F0-A5E3-BBC7627E1B67}.Debug|Any CPU.ActiveCfg = Debug|Any CPU
		{3BA5D668-9913-46F0-A5E3-BBC7627E1B67}.Debug|Any CPU.Build.0 = Debug|Any CPU
		{3BA5D668-9913-46F0-A5E3-BBC7627E1B67}.Release|Any CPU.ActiveCfg = Release|Any CPU
		{3BA5D668-9913-46F0-A5E3-BBC7627E1B67}.Release|Any CPU.Build.0 = Release|Any CPU
		{EF84A16B-0BE5-4EAD-898C-D665AAA6BF4E}.Debug|Any CPU.ActiveCfg = Debug|Any CPU
		{EF84A16B-0BE5-4EAD-898C-D665AAA6BF4E}.Debug|Any CPU.Build.0 = Debug|Any CPU
		{EF84A16B-0BE5-4EAD-898C-D665AAA6BF4E}.Release|Any CPU.ActiveCfg = Release|Any CPU
		{EF84A16B-0BE5-4EAD-898C-D665AAA6BF4E}.Release|Any CPU.Build.0 = Release|Any CPU
		{EA889DF9-4008-40FF-A6B8-5ACBE4670254}.Debug|Any CPU.ActiveCfg = Debug|Any CPU
		{EA889DF9-4008-40FF-A6B8-5ACBE4670254}.Debug|Any CPU.Build.0 = Debug|Any CPU
		{EA889DF9-4008-40FF-A6B8-5ACBE4670254}.Release|Any CPU.ActiveCfg = Release|Any CPU
		{EA889DF9-4008-40FF-A6B8-5ACBE4670254}.Release|Any CPU.Build.0 = Release|Any CPU
		{D9487914-37A4-4716-8C42-E9966147FE0C}.Debug|Any CPU.ActiveCfg = Debug|Any CPU
		{D9487914-37A4-4716-8C42-E9966147FE0C}.Debug|Any CPU.Build.0 = Debug|Any CPU
		{D9487914-37A4-4716-8C42-E9966147FE0C}.Release|Any CPU.ActiveCfg = Release|Any CPU
		{D9487914-37A4-4716-8C42-E9966147FE0C}.Release|Any CPU.Build.0 = Release|Any CPU
		{E932E5B8-5379-4245-8085-7125064DAD9D}.Debug|Any CPU.ActiveCfg = Debug|Any CPU
		{E932E5B8-5379-4245-8085-7125064DAD9D}.Debug|Any CPU.Build.0 = Debug|Any CPU
		{E932E5B8-5379-4245-8085-7125064DAD9D}.Release|Any CPU.ActiveCfg = Release|Any CPU
		{E932E5B8-5379-4245-8085-7125064DAD9D}.Release|Any CPU.Build.0 = Release|Any CPU
	EndGlobalSection
	GlobalSection(SolutionProperties) = preSolution
		HideSolutionNode = FALSE
	EndGlobalSection
	GlobalSection(NestedProjects) = preSolution
		{A4175AB2-36BE-43E6-BCF1-F7B79F7B2733} = {CEE5AB10-A762-4EB0-9225-969E36D43BE9}
		{859B44EB-A2AA-4254-B2E3-D85CAC071828} = {A4175AB2-36BE-43E6-BCF1-F7B79F7B2733}
		{5214CD21-E819-4DD5-8DB7-DE19558F0ACB} = {859B44EB-A2AA-4254-B2E3-D85CAC071828}
		{9B419F2B-2BF1-4E71-8915-42C127E307BF} = {859B44EB-A2AA-4254-B2E3-D85CAC071828}
		{25FB4670-07E1-45B3-ABF5-4C02D3918F5A} = {859B44EB-A2AA-4254-B2E3-D85CAC071828}
		{A0E0B3A8-4933-4500-B388-0E40C8DF3F5D} = {859B44EB-A2AA-4254-B2E3-D85CAC071828}
		{D07FA48D-6A49-4C73-BBD0-9F58A714DA51} = {B2C7BEBA-D0FC-4777-83AC-138BF1E6A1DF}
		{1005059B-2890-4E0C-9154-AADDF86B209E} = {D07FA48D-6A49-4C73-BBD0-9F58A714DA51}
		{E05EE47C-7AE9-42E4-A4AE-76FE2BA63843} = {D07FA48D-6A49-4C73-BBD0-9F58A714DA51}
		{355AAA73-5FA6-42FE-85DB-31B451DCFBA9} = {D07FA48D-6A49-4C73-BBD0-9F58A714DA51}
		{7CC946A3-69CA-464B-9D2B-67A4326EE55A} = {D07FA48D-6A49-4C73-BBD0-9F58A714DA51}
		{CF645312-15CE-4F35-B29C-A70892ACA871} = {CEE5AB10-A762-4EB0-9225-969E36D43BE9}
		{481E3871-FC4D-4656-86BF-F9DC2506FC1F} = {CF645312-15CE-4F35-B29C-A70892ACA871}
		{3BA5D668-9913-46F0-A5E3-BBC7627E1B67} = {481E3871-FC4D-4656-86BF-F9DC2506FC1F}
		{EF84A16B-0BE5-4EAD-898C-D665AAA6BF4E} = {481E3871-FC4D-4656-86BF-F9DC2506FC1F}
		{EA889DF9-4008-40FF-A6B8-5ACBE4670254} = {481E3871-FC4D-4656-86BF-F9DC2506FC1F}
		{D9487914-37A4-4716-8C42-E9966147FE0C} = {481E3871-FC4D-4656-86BF-F9DC2506FC1F}
		{CF68540E-5D74-49EA-90E1-A8A9CDDF5283} = {CEE5AB10-A762-4EB0-9225-969E36D43BE9}
		{0E7F4BEE-3A93-476B-AB67-610FE79EBB28} = {CF68540E-5D74-49EA-90E1-A8A9CDDF5283}
		{E932E5B8-5379-4245-8085-7125064DAD9D} = {0E7F4BEE-3A93-476B-AB67-610FE79EBB28}
	EndGlobalSection
EndGlobal
